
Microsoft Visual Studio Solution File, Format Version 12.00
Project("{FAE04EC0-301F-11D3-BF4B-00C04F79EFBC}") = "MemoryPools", "MemoryPools\MemoryPools.csproj", "{5CC02E5C-2369-49D0-A7E9-0EB39763FE38}"
EndProject
Project("{FAE04EC0-301F-11D3-BF4B-00C04F79EFBC}") = "MemoryPools.Tests", "MemoryPools.Tests\MemoryPools.Tests.csproj", "{37B2E1AB-1E43-4881-A3C4-5B988489C18E}"
EndProject
Project("{FAE04EC0-301F-11D3-BF4B-00C04F79EFBC}") = "Demo", "Demo\Demo.csproj", "{C3CF9F8A-6DD6-49A7-ADE2-C0727C5BAB3F}"
EndProject
Project("{2150E333-8FDC-42A3-9474-1A3956D46DE8}") = "PerfTests", "PerfTests", "{D942D43B-F138-4F4C-B3F8-13AC5E01827A}"
EndProject
Project("{FAE04EC0-301F-11D3-BF4B-00C04F79EFBC}") = "InternalPoolPrefTest", "PerfTests\InternalPoolPrefTest\InternalPoolPrefTest.csproj", "{FB623B65-BC4A-4243-8A1D-6CE054B4C761}"
EndProject
Project("{FAE04EC0-301F-11D3-BF4B-00C04F79EFBC}") = "MemoryPools.Linq", "MemoryPools.Linq\MemoryPools.Linq.csproj", "{5914CFA8-C282-445A-BE42-3D5C44EF2F75}"
EndProject
Global
	GlobalSection(SolutionConfigurationPlatforms) = preSolution
		Debug|Any CPU = Debug|Any CPU
		Release|Any CPU = Release|Any CPU
	EndGlobalSection
	GlobalSection(ProjectConfigurationPlatforms) = postSolution
		{5CC02E5C-2369-49D0-A7E9-0EB39763FE38}.Debug|Any CPU.ActiveCfg = Debug|Any CPU
		{5CC02E5C-2369-49D0-A7E9-0EB39763FE38}.Debug|Any CPU.Build.0 = Debug|Any CPU
		{5CC02E5C-2369-49D0-A7E9-0EB39763FE38}.Release|Any CPU.ActiveCfg = Release|Any CPU
		{5CC02E5C-2369-49D0-A7E9-0EB39763FE38}.Release|Any CPU.Build.0 = Release|Any CPU
		{37B2E1AB-1E43-4881-A3C4-5B988489C18E}.Debug|Any CPU.ActiveCfg = Debug|Any CPU
		{37B2E1AB-1E43-4881-A3C4-5B988489C18E}.Debug|Any CPU.Build.0 = Debug|Any CPU
		{37B2E1AB-1E43-4881-A3C4-5B988489C18E}.Release|Any CPU.ActiveCfg = Release|Any CPU
		{37B2E1AB-1E43-4881-A3C4-5B988489C18E}.Release|Any CPU.Build.0 = Release|Any CPU
		{C3CF9F8A-6DD6-49A7-ADE2-C0727C5BAB3F}.Debug|Any CPU.ActiveCfg = Debug|Any CPU
		{C3CF9F8A-6DD6-49A7-ADE2-C0727C5BAB3F}.Debug|Any CPU.Build.0 = Debug|Any CPU
		{C3CF9F8A-6DD6-49A7-ADE2-C0727C5BAB3F}.Release|Any CPU.ActiveCfg = Release|Any CPU
		{C3CF9F8A-6DD6-49A7-ADE2-C0727C5BAB3F}.Release|Any CPU.Build.0 = Release|Any CPU
		{FB623B65-BC4A-4243-8A1D-6CE054B4C761}.Debug|Any CPU.ActiveCfg = Debug|Any CPU
		{FB623B65-BC4A-4243-8A1D-6CE054B4C761}.Debug|Any CPU.Build.0 = Debug|Any CPU
		{FB623B65-BC4A-4243-8A1D-6CE054B4C761}.Release|Any CPU.ActiveCfg = Release|Any CPU
		{FB623B65-BC4A-4243-8A1D-6CE054B4C761}.Release|Any CPU.Build.0 = Release|Any CPU
		{5914CFA8-C282-445A-BE42-3D5C44EF2F75}.Debug|Any CPU.ActiveCfg = Debug|Any CPU
		{5914CFA8-C282-445A-BE42-3D5C44EF2F75}.Debug|Any CPU.Build.0 = Debug|Any CPU
		{5914CFA8-C282-445A-BE42-3D5C44EF2F75}.Release|Any CPU.ActiveCfg = Release|Any CPU
		{5914CFA8-C282-445A-BE42-3D5C44EF2F75}.Release|Any CPU.Build.0 = Release|Any CPU
	EndGlobalSection
	GlobalSection(NestedProjects) = preSolution
		{FB623B65-BC4A-4243-8A1D-6CE054B4C761} = {D942D43B-F138-4F4C-B3F8-13AC5E01827A}
	EndGlobalSection
EndGlobal
