
Microsoft Visual Studio Solution File, Format Version 12.00
Project("{FAE04EC0-301F-11D3-BF4B-00C04F79EFBC}") = "MemoryPools", "MemoryPools\MemoryPools.csproj", "{5CC02E5C-2369-49D0-A7E9-0EB39763FE38}"
EndProject
Project("{FAE04EC0-301F-11D3-BF4B-00C04F79EFBC}") = "MemoryPools.Tests", "MemoryPools.Tests\MemoryPools.Tests.csproj", "{37B2E1AB-1E43-4881-A3C4-5B988489C18E}"
EndProject
Global
	GlobalSection(SolutionConfigurationPlatforms) = preSolution
		Debug|Any CPU = Debug|Any CPU
		Release|Any CPU = Release|Any CPU
	EndGlobalSection
	GlobalSection(ProjectConfigurationPlatforms) = postSolution
		{5CC02E5C-2369-49D0-A7E9-0EB39763FE38}.Debug|Any CPU.ActiveCfg = Debug|Any CPU
		{5CC02E5C-2369-49D0-A7E9-0EB39763FE38}.Debug|Any CPU.Build.0 = Debug|Any CPU
		{5CC02E5C-2369-49D0-A7E9-0EB39763FE38}.Release|Any CPU.ActiveCfg = Release|Any CPU
		{5CC02E5C-2369-49D0-A7E9-0EB39763FE38}.Release|Any CPU.Build.0 = Release|Any CPU
		{37B2E1AB-1E43-4881-A3C4-5B988489C18E}.Debug|Any CPU.ActiveCfg = Debug|Any CPU
		{37B2E1AB-1E43-4881-A3C4-5B988489C18E}.Debug|Any CPU.Build.0 = Debug|Any CPU
		{37B2E1AB-1E43-4881-A3C4-5B988489C18E}.Release|Any CPU.ActiveCfg = Release|Any CPU
		{37B2E1AB-1E43-4881-A3C4-5B988489C18E}.Release|Any CPU.Build.0 = Release|Any CPU
	EndGlobalSection
EndGlobal
